
Microsoft Visual Studio Solution File, Format Version 12.00
# Visual Studio Version 17
VisualStudioVersion = 17.14.36518.9 d17.14
MinimumVisualStudioVersion = 10.0.40219.1
Project("{FAE04EC0-301F-11D3-BF4B-00C04F79EFBC}") = "Questao_8", "Questao_8\Questao_8.csproj", "{986DF534-3683-4362-B264-03BA68CEB4CC}"
EndProject
Global
	GlobalSection(SolutionConfigurationPlatforms) = preSolution
		Debug|Any CPU = Debug|Any CPU
		Release|Any CPU = Release|Any CPU
	EndGlobalSection
	GlobalSection(ProjectConfigurationPlatforms) = postSolution
		{986DF534-3683-4362-B264-03BA68CEB4CC}.Debug|Any CPU.ActiveCfg = Debug|Any CPU
		{986DF534-3683-4362-B264-03BA68CEB4CC}.Debug|Any CPU.Build.0 = Debug|Any CPU
		{986DF534-3683-4362-B264-03BA68CEB4CC}.Release|Any CPU.ActiveCfg = Release|Any CPU
		{986DF534-3683-4362-B264-03BA68CEB4CC}.Release|Any CPU.Build.0 = Release|Any CPU
	EndGlobalSection
	GlobalSection(SolutionProperties) = preSolution
		HideSolutionNode = FALSE
	EndGlobalSection
	GlobalSection(ExtensibilityGlobals) = postSolution
		SolutionGuid = {688421E6-D84E-4DAB-A239-E46B11A5A210}
	EndGlobalSection
EndGlobal
