
Microsoft Visual Studio Solution File, Format Version 12.00
# Visual Studio Version 17
VisualStudioVersion = 17.14.36518.9 d17.14
MinimumVisualStudioVersion = 10.0.40219.1
Project("{FAE04EC0-301F-11D3-BF4B-00C04F79EFBC}") = "ExercicioTBL", "ExercicioTBL\ExercicioTBL.csproj", "{CA0FBD30-7764-42BB-A0FE-F8F27ADC163B}"
EndProject
Global
	GlobalSection(SolutionConfigurationPlatforms) = preSolution
		Debug|Any CPU = Debug|Any CPU
		Release|Any CPU = Release|Any CPU
	EndGlobalSection
	GlobalSection(ProjectConfigurationPlatforms) = postSolution
		{CA0FBD30-7764-42BB-A0FE-F8F27ADC163B}.Debug|Any CPU.ActiveCfg = Debug|Any CPU
		{CA0FBD30-7764-42BB-A0FE-F8F27ADC163B}.Debug|Any CPU.Build.0 = Debug|Any CPU
		{CA0FBD30-7764-42BB-A0FE-F8F27ADC163B}.Release|Any CPU.ActiveCfg = Release|Any CPU
		{CA0FBD30-7764-42BB-A0FE-F8F27ADC163B}.Release|Any CPU.Build.0 = Release|Any CPU
	EndGlobalSection
	GlobalSection(SolutionProperties) = preSolution
		HideSolutionNode = FALSE
	EndGlobalSection
	GlobalSection(ExtensibilityGlobals) = postSolution
		SolutionGuid = {5C0590EB-AE09-409A-9B7D-A5304D63CA34}
	EndGlobalSection
EndGlobal
